# THIS IS AN AUTOGENERATED FILE. DO NOT EDIT THIS FILE DIRECTLY.
# yarn lockfile v1


typed-emitter@^1.4.0:
  version "1.4.0"
  resolved "https://registry.yarnpkg.com/typed-emitter/-/typed-emitter-1.4.0.tgz#38c6bf1224e764906bb20cb0b458fa914100607c"
  integrity sha512-weBmoo3HhpKGgLBOYwe8EB31CzDFuaK7CCL+axXhUYhn4jo6DSkHnbefboCF5i4DQ2aMFe0C/FdTWcPdObgHyg==
